
Microsoft Visual Studio Solution File, Format Version 12.00
# Visual Studio Version 17
VisualStudioVersion = 17.9.34701.34
MinimumVisualStudioVersion = 10.0.40219.1
Project("{8BC9CEB8-8B4A-11D0-8D11-00A0C91BC942}") = "Pract_11_2", "Pract_11_2\Pract_11_2.vcxproj", "{AEF3CF7C-2F05-4594-B13F-5930E4902D39}"
EndProject
Project("{8BC9CEB8-8B4A-11D0-8D11-00A0C91BC942}") = "UnitTest1", "UnitTest1\UnitTest1.vcxproj", "{30ED4BEE-3501-40CA-9662-1B1591EE507D}"
EndProject
Global
	GlobalSection(SolutionConfigurationPlatforms) = preSolution
		Debug|x64 = Debug|x64
		Debug|x86 = Debug|x86
		Release|x64 = Release|x64
		Release|x86 = Release|x86
	EndGlobalSection
	GlobalSection(ProjectConfigurationPlatforms) = postSolution
		{AEF3CF7C-2F05-4594-B13F-5930E4902D39}.Debug|x64.ActiveCfg = Debug|x64
		{AEF3CF7C-2F05-4594-B13F-5930E4902D39}.Debug|x64.Build.0 = Debug|x64
		{AEF3CF7C-2F05-4594-B13F-5930E4902D39}.Debug|x86.ActiveCfg = Debug|Win32
		{AEF3CF7C-2F05-4594-B13F-5930E4902D39}.Debug|x86.Build.0 = Debug|Win32
		{AEF3CF7C-2F05-4594-B13F-5930E4902D39}.Release|x64.ActiveCfg = Release|x64
		{AEF3CF7C-2F05-4594-B13F-5930E4902D39}.Release|x64.Build.0 = Release|x64
		{AEF3CF7C-2F05-4594-B13F-5930E4902D39}.Release|x86.ActiveCfg = Release|Win32
		{AEF3CF7C-2F05-4594-B13F-5930E4902D39}.Release|x86.Build.0 = Release|Win32
		{30ED4BEE-3501-40CA-9662-1B1591EE507D}.Debug|x64.ActiveCfg = Debug|x64
		{30ED4BEE-3501-40CA-9662-1B1591EE507D}.Debug|x64.Build.0 = Debug|x64
		{30ED4BEE-3501-40CA-9662-1B1591EE507D}.Debug|x86.ActiveCfg = Debug|Win32
		{30ED4BEE-3501-40CA-9662-1B1591EE507D}.Debug|x86.Build.0 = Debug|Win32
		{30ED4BEE-3501-40CA-9662-1B1591EE507D}.Release|x64.ActiveCfg = Release|x64
		{30ED4BEE-3501-40CA-9662-1B1591EE507D}.Release|x64.Build.0 = Release|x64
		{30ED4BEE-3501-40CA-9662-1B1591EE507D}.Release|x86.ActiveCfg = Release|Win32
		{30ED4BEE-3501-40CA-9662-1B1591EE507D}.Release|x86.Build.0 = Release|Win32
	EndGlobalSection
	GlobalSection(SolutionProperties) = preSolution
		HideSolutionNode = FALSE
	EndGlobalSection
	GlobalSection(ExtensibilityGlobals) = postSolution
		SolutionGuid = {7566D247-3B2B-4566-82FD-AC50225A5B31}
	EndGlobalSection
EndGlobal
