
Microsoft Visual Studio Solution File, Format Version 12.00
# Visual Studio Version 17
VisualStudioVersion = 17.9.34701.34
MinimumVisualStudioVersion = 10.0.40219.1
Project("{8BC9CEB8-8B4A-11D0-8D11-00A0C91BC942}") = "Pract_9_2B", "Pract_9_2B\Pract_9_2B.vcxproj", "{FE728248-B982-4221-B0A9-855BABDB5AD4}"
EndProject
Project("{8BC9CEB8-8B4A-11D0-8D11-00A0C91BC942}") = "UnitTest1", "UnitTest1\UnitTest1.vcxproj", "{7664AA0E-9BA0-40D4-BD65-7D36B41A2509}"
EndProject
Global
	GlobalSection(SolutionConfigurationPlatforms) = preSolution
		Debug|x64 = Debug|x64
		Debug|x86 = Debug|x86
		Release|x64 = Release|x64
		Release|x86 = Release|x86
	EndGlobalSection
	GlobalSection(ProjectConfigurationPlatforms) = postSolution
		{FE728248-B982-4221-B0A9-855BABDB5AD4}.Debug|x64.ActiveCfg = Debug|x64
		{FE728248-B982-4221-B0A9-855BABDB5AD4}.Debug|x64.Build.0 = Debug|x64
		{FE728248-B982-4221-B0A9-855BABDB5AD4}.Debug|x86.ActiveCfg = Debug|Win32
		{FE728248-B982-4221-B0A9-855BABDB5AD4}.Debug|x86.Build.0 = Debug|Win32
		{FE728248-B982-4221-B0A9-855BABDB5AD4}.Release|x64.ActiveCfg = Release|x64
		{FE728248-B982-4221-B0A9-855BABDB5AD4}.Release|x64.Build.0 = Release|x64
		{FE728248-B982-4221-B0A9-855BABDB5AD4}.Release|x86.ActiveCfg = Release|Win32
		{FE728248-B982-4221-B0A9-855BABDB5AD4}.Release|x86.Build.0 = Release|Win32
		{7664AA0E-9BA0-40D4-BD65-7D36B41A2509}.Debug|x64.ActiveCfg = Debug|x64
		{7664AA0E-9BA0-40D4-BD65-7D36B41A2509}.Debug|x64.Build.0 = Debug|x64
		{7664AA0E-9BA0-40D4-BD65-7D36B41A2509}.Debug|x86.ActiveCfg = Debug|Win32
		{7664AA0E-9BA0-40D4-BD65-7D36B41A2509}.Debug|x86.Build.0 = Debug|Win32
		{7664AA0E-9BA0-40D4-BD65-7D36B41A2509}.Release|x64.ActiveCfg = Release|x64
		{7664AA0E-9BA0-40D4-BD65-7D36B41A2509}.Release|x64.Build.0 = Release|x64
		{7664AA0E-9BA0-40D4-BD65-7D36B41A2509}.Release|x86.ActiveCfg = Release|Win32
		{7664AA0E-9BA0-40D4-BD65-7D36B41A2509}.Release|x86.Build.0 = Release|Win32
	EndGlobalSection
	GlobalSection(SolutionProperties) = preSolution
		HideSolutionNode = FALSE
	EndGlobalSection
	GlobalSection(ExtensibilityGlobals) = postSolution
		SolutionGuid = {120630E5-C40A-4155-A38E-E29D6A52164C}
	EndGlobalSection
EndGlobal
