
Microsoft Visual Studio Solution File, Format Version 12.00
# Visual Studio Version 17
VisualStudioVersion = 17.7.34031.279
MinimumVisualStudioVersion = 10.0.40219.1
Project("{8BC9CEB8-8B4A-11D0-8D11-00A0C91BC942}") = "PR_4_3", "PR_4_3\PR_4_3.vcxproj", "{047B302C-3D34-495D-9483-308790FEC259}"
EndProject
Global
	GlobalSection(SolutionConfigurationPlatforms) = preSolution
		Debug|x64 = Debug|x64
		Debug|x86 = Debug|x86
		Release|x64 = Release|x64
		Release|x86 = Release|x86
	EndGlobalSection
	GlobalSection(ProjectConfigurationPlatforms) = postSolution
		{047B302C-3D34-495D-9483-308790FEC259}.Debug|x64.ActiveCfg = Debug|x64
		{047B302C-3D34-495D-9483-308790FEC259}.Debug|x64.Build.0 = Debug|x64
		{047B302C-3D34-495D-9483-308790FEC259}.Debug|x86.ActiveCfg = Debug|Win32
		{047B302C-3D34-495D-9483-308790FEC259}.Debug|x86.Build.0 = Debug|Win32
		{047B302C-3D34-495D-9483-308790FEC259}.Release|x64.ActiveCfg = Release|x64
		{047B302C-3D34-495D-9483-308790FEC259}.Release|x64.Build.0 = Release|x64
		{047B302C-3D34-495D-9483-308790FEC259}.Release|x86.ActiveCfg = Release|Win32
		{047B302C-3D34-495D-9483-308790FEC259}.Release|x86.Build.0 = Release|Win32
	EndGlobalSection
	GlobalSection(SolutionProperties) = preSolution
		HideSolutionNode = FALSE
	EndGlobalSection
	GlobalSection(ExtensibilityGlobals) = postSolution
		SolutionGuid = {9FB1FBB5-2461-4B07-B9C5-364994BBF9B1}
	EndGlobalSection
EndGlobal
