
Microsoft Visual Studio Solution File, Format Version 12.00
# Visual Studio Version 17
VisualStudioVersion = 17.9.34701.34
MinimumVisualStudioVersion = 10.0.40219.1
Project("{8BC9CEB8-8B4A-11D0-8D11-00A0C91BC942}") = "Pract_11_3", "Pract_11_3\Pract_11_3.vcxproj", "{FA73BD5A-0019-4003-B4F5-AE626BC27258}"
EndProject
Project("{8BC9CEB8-8B4A-11D0-8D11-00A0C91BC942}") = "UnitTest1", "UnitTest1\UnitTest1.vcxproj", "{6B46EB31-C1E6-48A2-80A7-17191BB80D90}"
EndProject
Global
	GlobalSection(SolutionConfigurationPlatforms) = preSolution
		Debug|x64 = Debug|x64
		Debug|x86 = Debug|x86
		Release|x64 = Release|x64
		Release|x86 = Release|x86
	EndGlobalSection
	GlobalSection(ProjectConfigurationPlatforms) = postSolution
		{FA73BD5A-0019-4003-B4F5-AE626BC27258}.Debug|x64.ActiveCfg = Debug|x64
		{FA73BD5A-0019-4003-B4F5-AE626BC27258}.Debug|x64.Build.0 = Debug|x64
		{FA73BD5A-0019-4003-B4F5-AE626BC27258}.Debug|x86.ActiveCfg = Debug|Win32
		{FA73BD5A-0019-4003-B4F5-AE626BC27258}.Debug|x86.Build.0 = Debug|Win32
		{FA73BD5A-0019-4003-B4F5-AE626BC27258}.Release|x64.ActiveCfg = Release|x64
		{FA73BD5A-0019-4003-B4F5-AE626BC27258}.Release|x64.Build.0 = Release|x64
		{FA73BD5A-0019-4003-B4F5-AE626BC27258}.Release|x86.ActiveCfg = Release|Win32
		{FA73BD5A-0019-4003-B4F5-AE626BC27258}.Release|x86.Build.0 = Release|Win32
		{6B46EB31-C1E6-48A2-80A7-17191BB80D90}.Debug|x64.ActiveCfg = Debug|x64
		{6B46EB31-C1E6-48A2-80A7-17191BB80D90}.Debug|x64.Build.0 = Debug|x64
		{6B46EB31-C1E6-48A2-80A7-17191BB80D90}.Debug|x86.ActiveCfg = Debug|Win32
		{6B46EB31-C1E6-48A2-80A7-17191BB80D90}.Debug|x86.Build.0 = Debug|Win32
		{6B46EB31-C1E6-48A2-80A7-17191BB80D90}.Release|x64.ActiveCfg = Release|x64
		{6B46EB31-C1E6-48A2-80A7-17191BB80D90}.Release|x64.Build.0 = Release|x64
		{6B46EB31-C1E6-48A2-80A7-17191BB80D90}.Release|x86.ActiveCfg = Release|Win32
		{6B46EB31-C1E6-48A2-80A7-17191BB80D90}.Release|x86.Build.0 = Release|Win32
	EndGlobalSection
	GlobalSection(SolutionProperties) = preSolution
		HideSolutionNode = FALSE
	EndGlobalSection
	GlobalSection(ExtensibilityGlobals) = postSolution
		SolutionGuid = {8AA2BFB3-1D4C-40D5-8722-C167C36ECF88}
	EndGlobalSection
EndGlobal
