
Microsoft Visual Studio Solution File, Format Version 12.00
# Visual Studio Version 17
VisualStudioVersion = 17.7.34031.279
MinimumVisualStudioVersion = 10.0.40219.1
Project("{8BC9CEB8-8B4A-11D0-8D11-00A0C91BC942}") = "Pract_6_1rec", "Pract_6_1rec\Pract_6_1rec.vcxproj", "{09E4A366-9802-4172-AC81-88A70E6934D5}"
EndProject
Project("{8BC9CEB8-8B4A-11D0-8D11-00A0C91BC942}") = "UnitTest1", "UnitTest1\UnitTest1.vcxproj", "{8D60243E-2CD3-4B81-B63B-DCE7B8933487}"
EndProject
Global
	GlobalSection(SolutionConfigurationPlatforms) = preSolution
		Debug|x64 = Debug|x64
		Debug|x86 = Debug|x86
		Release|x64 = Release|x64
		Release|x86 = Release|x86
	EndGlobalSection
	GlobalSection(ProjectConfigurationPlatforms) = postSolution
		{09E4A366-9802-4172-AC81-88A70E6934D5}.Debug|x64.ActiveCfg = Debug|x64
		{09E4A366-9802-4172-AC81-88A70E6934D5}.Debug|x64.Build.0 = Debug|x64
		{09E4A366-9802-4172-AC81-88A70E6934D5}.Debug|x86.ActiveCfg = Debug|Win32
		{09E4A366-9802-4172-AC81-88A70E6934D5}.Debug|x86.Build.0 = Debug|Win32
		{09E4A366-9802-4172-AC81-88A70E6934D5}.Release|x64.ActiveCfg = Release|x64
		{09E4A366-9802-4172-AC81-88A70E6934D5}.Release|x64.Build.0 = Release|x64
		{09E4A366-9802-4172-AC81-88A70E6934D5}.Release|x86.ActiveCfg = Release|Win32
		{09E4A366-9802-4172-AC81-88A70E6934D5}.Release|x86.Build.0 = Release|Win32
		{8D60243E-2CD3-4B81-B63B-DCE7B8933487}.Debug|x64.ActiveCfg = Debug|x64
		{8D60243E-2CD3-4B81-B63B-DCE7B8933487}.Debug|x64.Build.0 = Debug|x64
		{8D60243E-2CD3-4B81-B63B-DCE7B8933487}.Debug|x86.ActiveCfg = Debug|Win32
		{8D60243E-2CD3-4B81-B63B-DCE7B8933487}.Debug|x86.Build.0 = Debug|Win32
		{8D60243E-2CD3-4B81-B63B-DCE7B8933487}.Release|x64.ActiveCfg = Release|x64
		{8D60243E-2CD3-4B81-B63B-DCE7B8933487}.Release|x64.Build.0 = Release|x64
		{8D60243E-2CD3-4B81-B63B-DCE7B8933487}.Release|x86.ActiveCfg = Release|Win32
		{8D60243E-2CD3-4B81-B63B-DCE7B8933487}.Release|x86.Build.0 = Release|Win32
	EndGlobalSection
	GlobalSection(SolutionProperties) = preSolution
		HideSolutionNode = FALSE
	EndGlobalSection
	GlobalSection(ExtensibilityGlobals) = postSolution
		SolutionGuid = {EC371003-AEC7-4000-8739-8EEEB9A892F4}
	EndGlobalSection
EndGlobal
