
Microsoft Visual Studio Solution File, Format Version 12.00
# Visual Studio Version 17
VisualStudioVersion = 17.7.34031.279
MinimumVisualStudioVersion = 10.0.40219.1
Project("{8BC9CEB8-8B4A-11D0-8D11-00A0C91BC942}") = "Pract_6_2rec", "Pract_6_2rec\Pract_6_2rec.vcxproj", "{51176401-6289-40BE-935F-77F91529671A}"
EndProject
Project("{8BC9CEB8-8B4A-11D0-8D11-00A0C91BC942}") = "UnitTest1", "UnitTest1\UnitTest1.vcxproj", "{CA60FD5C-ACF2-41C3-80B3-0D5D1FEF3A23}"
EndProject
Global
	GlobalSection(SolutionConfigurationPlatforms) = preSolution
		Debug|x64 = Debug|x64
		Debug|x86 = Debug|x86
		Release|x64 = Release|x64
		Release|x86 = Release|x86
	EndGlobalSection
	GlobalSection(ProjectConfigurationPlatforms) = postSolution
		{51176401-6289-40BE-935F-77F91529671A}.Debug|x64.ActiveCfg = Debug|x64
		{51176401-6289-40BE-935F-77F91529671A}.Debug|x64.Build.0 = Debug|x64
		{51176401-6289-40BE-935F-77F91529671A}.Debug|x86.ActiveCfg = Debug|Win32
		{51176401-6289-40BE-935F-77F91529671A}.Debug|x86.Build.0 = Debug|Win32
		{51176401-6289-40BE-935F-77F91529671A}.Release|x64.ActiveCfg = Release|x64
		{51176401-6289-40BE-935F-77F91529671A}.Release|x64.Build.0 = Release|x64
		{51176401-6289-40BE-935F-77F91529671A}.Release|x86.ActiveCfg = Release|Win32
		{51176401-6289-40BE-935F-77F91529671A}.Release|x86.Build.0 = Release|Win32
		{CA60FD5C-ACF2-41C3-80B3-0D5D1FEF3A23}.Debug|x64.ActiveCfg = Debug|x64
		{CA60FD5C-ACF2-41C3-80B3-0D5D1FEF3A23}.Debug|x64.Build.0 = Debug|x64
		{CA60FD5C-ACF2-41C3-80B3-0D5D1FEF3A23}.Debug|x86.ActiveCfg = Debug|Win32
		{CA60FD5C-ACF2-41C3-80B3-0D5D1FEF3A23}.Debug|x86.Build.0 = Debug|Win32
		{CA60FD5C-ACF2-41C3-80B3-0D5D1FEF3A23}.Release|x64.ActiveCfg = Release|x64
		{CA60FD5C-ACF2-41C3-80B3-0D5D1FEF3A23}.Release|x64.Build.0 = Release|x64
		{CA60FD5C-ACF2-41C3-80B3-0D5D1FEF3A23}.Release|x86.ActiveCfg = Release|Win32
		{CA60FD5C-ACF2-41C3-80B3-0D5D1FEF3A23}.Release|x86.Build.0 = Release|Win32
	EndGlobalSection
	GlobalSection(SolutionProperties) = preSolution
		HideSolutionNode = FALSE
	EndGlobalSection
	GlobalSection(ExtensibilityGlobals) = postSolution
		SolutionGuid = {42F5C2CD-8A51-4286-927D-3984B1B325C6}
	EndGlobalSection
EndGlobal
