
Microsoft Visual Studio Solution File, Format Version 12.00
# Visual Studio Version 17
VisualStudioVersion = 17.11.35303.130
MinimumVisualStudioVersion = 10.0.40219.1
Project("{8BC9CEB8-8B4A-11D0-8D11-00A0C91BC942}") = "PDS_6", "PDS_6\PDS_6.vcxproj", "{170D3555-71DC-4746-BD00-F9E023FF4EBF}"
EndProject
Project("{8BC9CEB8-8B4A-11D0-8D11-00A0C91BC942}") = "UnitTest1", "UnitTest1\UnitTest1.vcxproj", "{F5B66AD6-13A5-4BCF-B61D-E1D4D3D1D455}"
EndProject
Global
	GlobalSection(SolutionConfigurationPlatforms) = preSolution
		Debug|x64 = Debug|x64
		Debug|x86 = Debug|x86
		Release|x64 = Release|x64
		Release|x86 = Release|x86
	EndGlobalSection
	GlobalSection(ProjectConfigurationPlatforms) = postSolution
		{170D3555-71DC-4746-BD00-F9E023FF4EBF}.Debug|x64.ActiveCfg = Debug|x64
		{170D3555-71DC-4746-BD00-F9E023FF4EBF}.Debug|x64.Build.0 = Debug|x64
		{170D3555-71DC-4746-BD00-F9E023FF4EBF}.Debug|x86.ActiveCfg = Debug|Win32
		{170D3555-71DC-4746-BD00-F9E023FF4EBF}.Debug|x86.Build.0 = Debug|Win32
		{170D3555-71DC-4746-BD00-F9E023FF4EBF}.Release|x64.ActiveCfg = Release|x64
		{170D3555-71DC-4746-BD00-F9E023FF4EBF}.Release|x64.Build.0 = Release|x64
		{170D3555-71DC-4746-BD00-F9E023FF4EBF}.Release|x86.ActiveCfg = Release|Win32
		{170D3555-71DC-4746-BD00-F9E023FF4EBF}.Release|x86.Build.0 = Release|Win32
		{F5B66AD6-13A5-4BCF-B61D-E1D4D3D1D455}.Debug|x64.ActiveCfg = Debug|x64
		{F5B66AD6-13A5-4BCF-B61D-E1D4D3D1D455}.Debug|x64.Build.0 = Debug|x64
		{F5B66AD6-13A5-4BCF-B61D-E1D4D3D1D455}.Debug|x86.ActiveCfg = Debug|Win32
		{F5B66AD6-13A5-4BCF-B61D-E1D4D3D1D455}.Debug|x86.Build.0 = Debug|Win32
		{F5B66AD6-13A5-4BCF-B61D-E1D4D3D1D455}.Release|x64.ActiveCfg = Release|x64
		{F5B66AD6-13A5-4BCF-B61D-E1D4D3D1D455}.Release|x64.Build.0 = Release|x64
		{F5B66AD6-13A5-4BCF-B61D-E1D4D3D1D455}.Release|x86.ActiveCfg = Release|Win32
		{F5B66AD6-13A5-4BCF-B61D-E1D4D3D1D455}.Release|x86.Build.0 = Release|Win32
	EndGlobalSection
	GlobalSection(SolutionProperties) = preSolution
		HideSolutionNode = FALSE
	EndGlobalSection
	GlobalSection(ExtensibilityGlobals) = postSolution
		SolutionGuid = {812808DE-3889-4EAA-A254-7129C62F309D}
	EndGlobalSection
EndGlobal
