
Microsoft Visual Studio Solution File, Format Version 12.00
# Visual Studio Version 17
VisualStudioVersion = 17.9.34701.34
MinimumVisualStudioVersion = 10.0.40219.1
Project("{8BC9CEB8-8B4A-11D0-8D11-00A0C91BC942}") = "Pract_10_3", "Pract_10_3\Pract_10_3.vcxproj", "{BF1DCC6C-4DC8-4987-8BC3-ACE8E1363921}"
EndProject
Project("{8BC9CEB8-8B4A-11D0-8D11-00A0C91BC942}") = "UnitTest1", "UnitTest1\UnitTest1.vcxproj", "{207C3D6B-75F2-4E82-847F-108552D306D2}"
EndProject
Global
	GlobalSection(SolutionConfigurationPlatforms) = preSolution
		Debug|x64 = Debug|x64
		Debug|x86 = Debug|x86
		Release|x64 = Release|x64
		Release|x86 = Release|x86
	EndGlobalSection
	GlobalSection(ProjectConfigurationPlatforms) = postSolution
		{BF1DCC6C-4DC8-4987-8BC3-ACE8E1363921}.Debug|x64.ActiveCfg = Debug|x64
		{BF1DCC6C-4DC8-4987-8BC3-ACE8E1363921}.Debug|x64.Build.0 = Debug|x64
		{BF1DCC6C-4DC8-4987-8BC3-ACE8E1363921}.Debug|x86.ActiveCfg = Debug|Win32
		{BF1DCC6C-4DC8-4987-8BC3-ACE8E1363921}.Debug|x86.Build.0 = Debug|Win32
		{BF1DCC6C-4DC8-4987-8BC3-ACE8E1363921}.Release|x64.ActiveCfg = Release|x64
		{BF1DCC6C-4DC8-4987-8BC3-ACE8E1363921}.Release|x64.Build.0 = Release|x64
		{BF1DCC6C-4DC8-4987-8BC3-ACE8E1363921}.Release|x86.ActiveCfg = Release|Win32
		{BF1DCC6C-4DC8-4987-8BC3-ACE8E1363921}.Release|x86.Build.0 = Release|Win32
		{207C3D6B-75F2-4E82-847F-108552D306D2}.Debug|x64.ActiveCfg = Debug|x64
		{207C3D6B-75F2-4E82-847F-108552D306D2}.Debug|x64.Build.0 = Debug|x64
		{207C3D6B-75F2-4E82-847F-108552D306D2}.Debug|x86.ActiveCfg = Debug|Win32
		{207C3D6B-75F2-4E82-847F-108552D306D2}.Debug|x86.Build.0 = Debug|Win32
		{207C3D6B-75F2-4E82-847F-108552D306D2}.Release|x64.ActiveCfg = Release|x64
		{207C3D6B-75F2-4E82-847F-108552D306D2}.Release|x64.Build.0 = Release|x64
		{207C3D6B-75F2-4E82-847F-108552D306D2}.Release|x86.ActiveCfg = Release|Win32
		{207C3D6B-75F2-4E82-847F-108552D306D2}.Release|x86.Build.0 = Release|Win32
	EndGlobalSection
	GlobalSection(SolutionProperties) = preSolution
		HideSolutionNode = FALSE
	EndGlobalSection
	GlobalSection(ExtensibilityGlobals) = postSolution
		SolutionGuid = {D3F5CAF4-0FD1-4293-ACEB-DC4C26EA29F1}
	EndGlobalSection
EndGlobal
